
Microsoft Visual Studio Solution File, Format Version 12.00
# Visual Studio 15
VisualStudioVersion = 15.0.27428.2043
MinimumVisualStudioVersion = 10.0.40219.1
Project("{9A19103F-16F7-4668-BE54-9A1E7A4F7556}") = "Berrysoft.Data", "Berrysoft.Data\Berrysoft.Data.csproj", "{6670E395-CEC6-425E-8BE8-2A8ED84E0E48}"
EndProject
Project("{778DAE3C-4631-46EA-AA77-85C1314464D9}") = "Berrysoft.Test", "Berrysoft.Test\Berrysoft.Test.vbproj", "{13374ABA-1D3E-4DF3-AC54-AE282E355BBC}"
EndProject
Project("{9A19103F-16F7-4668-BE54-9A1E7A4F7556}") = "Berrysoft.Console", "Berrysoft.Console\Berrysoft.Console.csproj", "{4F60E317-74F1-4E88-9BAC-3187BB5FCB94}"
EndProject
Project("{9A19103F-16F7-4668-BE54-9A1E7A4F7556}") = "Berrysoft.Tsinghua.Net", "Berrysoft.Tsinghua.Net\Berrysoft.Tsinghua.Net.csproj", "{9854C1E8-59CA-44EF-BBA5-448A146A4BB9}"
EndProject
Project("{9A19103F-16F7-4668-BE54-9A1E7A4F7556}") = "Berrysoft.Unsafe", "Berrysoft.Unsafe\Berrysoft.Unsafe.csproj", "{CEC29D71-8F41-4D63-9CF1-C0768612B786}"
EndProject
Project("{FAE04EC0-301F-11D3-BF4B-00C04F79EFBC}") = "Berrysoft.Workflow", "Berrysoft.Workflow\Berrysoft.Workflow.csproj", "{F4B881CA-2B93-477F-ADDD-57FAC62AA06F}"
EndProject
Global
	GlobalSection(SolutionConfigurationPlatforms) = preSolution
		Debug|Any CPU = Debug|Any CPU
		Release|Any CPU = Release|Any CPU
	EndGlobalSection
	GlobalSection(ProjectConfigurationPlatforms) = postSolution
		{6670E395-CEC6-425E-8BE8-2A8ED84E0E48}.Debug|Any CPU.ActiveCfg = Debug|Any CPU
		{6670E395-CEC6-425E-8BE8-2A8ED84E0E48}.Debug|Any CPU.Build.0 = Debug|Any CPU
		{6670E395-CEC6-425E-8BE8-2A8ED84E0E48}.Release|Any CPU.ActiveCfg = Release|Any CPU
		{6670E395-CEC6-425E-8BE8-2A8ED84E0E48}.Release|Any CPU.Build.0 = Release|Any CPU
		{13374ABA-1D3E-4DF3-AC54-AE282E355BBC}.Debug|Any CPU.ActiveCfg = Debug|Any CPU
		{13374ABA-1D3E-4DF3-AC54-AE282E355BBC}.Debug|Any CPU.Build.0 = Debug|Any CPU
		{13374ABA-1D3E-4DF3-AC54-AE282E355BBC}.Release|Any CPU.ActiveCfg = Release|Any CPU
		{13374ABA-1D3E-4DF3-AC54-AE282E355BBC}.Release|Any CPU.Build.0 = Release|Any CPU
		{4F60E317-74F1-4E88-9BAC-3187BB5FCB94}.Debug|Any CPU.ActiveCfg = Debug|Any CPU
		{4F60E317-74F1-4E88-9BAC-3187BB5FCB94}.Debug|Any CPU.Build.0 = Debug|Any CPU
		{4F60E317-74F1-4E88-9BAC-3187BB5FCB94}.Release|Any CPU.ActiveCfg = Release|Any CPU
		{4F60E317-74F1-4E88-9BAC-3187BB5FCB94}.Release|Any CPU.Build.0 = Release|Any CPU
		{9854C1E8-59CA-44EF-BBA5-448A146A4BB9}.Debug|Any CPU.ActiveCfg = Debug|Any CPU
		{9854C1E8-59CA-44EF-BBA5-448A146A4BB9}.Debug|Any CPU.Build.0 = Debug|Any CPU
		{9854C1E8-59CA-44EF-BBA5-448A146A4BB9}.Release|Any CPU.ActiveCfg = Release|Any CPU
		{9854C1E8-59CA-44EF-BBA5-448A146A4BB9}.Release|Any CPU.Build.0 = Release|Any CPU
		{CEC29D71-8F41-4D63-9CF1-C0768612B786}.Debug|Any CPU.ActiveCfg = Debug|Any CPU
		{CEC29D71-8F41-4D63-9CF1-C0768612B786}.Debug|Any CPU.Build.0 = Debug|Any CPU
		{CEC29D71-8F41-4D63-9CF1-C0768612B786}.Release|Any CPU.ActiveCfg = Release|Any CPU
		{CEC29D71-8F41-4D63-9CF1-C0768612B786}.Release|Any CPU.Build.0 = Release|Any CPU
		{F4B881CA-2B93-477F-ADDD-57FAC62AA06F}.Debug|Any CPU.ActiveCfg = Debug|Any CPU
		{F4B881CA-2B93-477F-ADDD-57FAC62AA06F}.Debug|Any CPU.Build.0 = Debug|Any CPU
		{F4B881CA-2B93-477F-ADDD-57FAC62AA06F}.Release|Any CPU.ActiveCfg = Release|Any CPU
		{F4B881CA-2B93-477F-ADDD-57FAC62AA06F}.Release|Any CPU.Build.0 = Release|Any CPU
	EndGlobalSection
	GlobalSection(SolutionProperties) = preSolution
		HideSolutionNode = FALSE
	EndGlobalSection
	GlobalSection(ExtensibilityGlobals) = postSolution
		SolutionGuid = {026654C8-5ED5-4C8D-BAB7-6C4F0F68ABE9}
	EndGlobalSection
EndGlobal
