
Microsoft Visual Studio Solution File, Format Version 12.00
# Visual Studio 15
VisualStudioVersion = 15.0.27428.2043
MinimumVisualStudioVersion = 10.0.40219.1
Project("{FAE04EC0-301F-11D3-BF4B-00C04F79EFBC}") = "Berrysoft.Data", "Berrysoft.Data\Berrysoft.Data.csproj", "{F5591579-D0D6-43AF-9653-CBA191D4287D}"
EndProject
Global
	GlobalSection(SolutionConfigurationPlatforms) = preSolution
		Debug|Any CPU = Debug|Any CPU
		Release|Any CPU = Release|Any CPU
	EndGlobalSection
	GlobalSection(ProjectConfigurationPlatforms) = postSolution
		{F5591579-D0D6-43AF-9653-CBA191D4287D}.Debug|Any CPU.ActiveCfg = Debug|Any CPU
		{F5591579-D0D6-43AF-9653-CBA191D4287D}.Debug|Any CPU.Build.0 = Debug|Any CPU
		{F5591579-D0D6-43AF-9653-CBA191D4287D}.Release|Any CPU.ActiveCfg = Release|Any CPU
		{F5591579-D0D6-43AF-9653-CBA191D4287D}.Release|Any CPU.Build.0 = Release|Any CPU
	EndGlobalSection
	GlobalSection(SolutionProperties) = preSolution
		HideSolutionNode = FALSE
	EndGlobalSection
	GlobalSection(ExtensibilityGlobals) = postSolution
		SolutionGuid = {026654C8-5ED5-4C8D-BAB7-6C4F0F68ABE9}
	EndGlobalSection
EndGlobal
